
Microsoft Visual Studio Solution File, Format Version 12.00
# Visual Studio Version 17
VisualStudioVersion = 17.0.31919.166
MinimumVisualStudioVersion = 10.0.40219.1
Project("{9A19103F-16F7-4668-BE54-9A1E7A4F7556}") = "ListviewExportExcel", "ListviewExportExcel\ListviewExportExcel.csproj", "{1F3F4B27-8BDB-4BC8-8881-26511F7AE024}"
EndProject
Project("{54435603-DBB4-11D2-8724-00A0C9A8B90C}") = "ExportExcel", "Install\ExportExcel\ExportExcel.vdproj", "{39FC6D64-97B0-4622-BA89-5C8BFA9185D0}"
EndProject
Global
	GlobalSection(SolutionConfigurationPlatforms) = preSolution
		Debug|Any CPU = Debug|Any CPU
		Release|Any CPU = Release|Any CPU
	EndGlobalSection
	GlobalSection(ProjectConfigurationPlatforms) = postSolution
		{1F3F4B27-8BDB-4BC8-8881-26511F7AE024}.Debug|Any CPU.ActiveCfg = Debug|Any CPU
		{1F3F4B27-8BDB-4BC8-8881-26511F7AE024}.Debug|Any CPU.Build.0 = Debug|Any CPU
		{1F3F4B27-8BDB-4BC8-8881-26511F7AE024}.Release|Any CPU.ActiveCfg = Release|Any CPU
		{1F3F4B27-8BDB-4BC8-8881-26511F7AE024}.Release|Any CPU.Build.0 = Release|Any CPU
		{39FC6D64-97B0-4622-BA89-5C8BFA9185D0}.Debug|Any CPU.ActiveCfg = Debug
		{39FC6D64-97B0-4622-BA89-5C8BFA9185D0}.Release|Any CPU.ActiveCfg = Release
	EndGlobalSection
	GlobalSection(SolutionProperties) = preSolution
		HideSolutionNode = FALSE
	EndGlobalSection
	GlobalSection(ExtensibilityGlobals) = postSolution
		SolutionGuid = {0B0A00EE-CAFD-43B8-ABCC-D6A903334F1B}
	EndGlobalSection
EndGlobal
